
Microsoft Visual Studio Solution File, Format Version 12.00
# Visual Studio Version 16
VisualStudioVersion = 16.0.29905.134
MinimumVisualStudioVersion = 10.0.40219.1
Project("{FAE04EC0-301F-11D3-BF4B-00C04F79EFBC}") = "ConsoleApp1", "ConsoleApp1\ConsoleApp1.csproj", "{D9CFD1FC-CA07-4A88-96DF-9C2BC35A029A}"
EndProject
Global
	GlobalSection(SolutionConfigurationPlatforms) = preSolution
		Debug|Any CPU = Debug|Any CPU
		Release|Any CPU = Release|Any CPU
	EndGlobalSection
	GlobalSection(ProjectConfigurationPlatforms) = postSolution
		{D9CFD1FC-CA07-4A88-96DF-9C2BC35A029A}.Debug|Any CPU.ActiveCfg = Debug|Any CPU
		{D9CFD1FC-CA07-4A88-96DF-9C2BC35A029A}.Debug|Any CPU.Build.0 = Debug|Any CPU
		{D9CFD1FC-CA07-4A88-96DF-9C2BC35A029A}.Release|Any CPU.ActiveCfg = Release|Any CPU
		{D9CFD1FC-CA07-4A88-96DF-9C2BC35A029A}.Release|Any CPU.Build.0 = Release|Any CPU
	EndGlobalSection
	GlobalSection(SolutionProperties) = preSolution
		HideSolutionNode = FALSE
	EndGlobalSection
	GlobalSection(ExtensibilityGlobals) = postSolution
		SolutionGuid = {12495CC4-B4B8-438A-966D-B63DCD47BA2F}
	EndGlobalSection
EndGlobal
